
Microsoft Visual Studio Solution File, Format Version 12.00
# Visual Studio Version 16
VisualStudioVersion = 16.0.32510.428
MinimumVisualStudioVersion = 10.0.40219.1
Project("{2150E333-8FDC-42A3-9474-1A3956D46DE8}") = "src", "src", "{BA684D24-8BD3-48DA-A697-F688DA80476A}"
EndProject
Project("{2150E333-8FDC-42A3-9474-1A3956D46DE8}") = "Building Blocks", "Building Blocks", "{F2A4B7AF-B588-47B4-88A5-3FBE2CFDD8ED}"
EndProject
Project("{2150E333-8FDC-42A3-9474-1A3956D46DE8}") = "Services", "Services", "{E82128E9-777B-465B-8DA5-E9DDE1DECAD2}"
EndProject
Project("{2150E333-8FDC-42A3-9474-1A3956D46DE8}") = "Identidade", "Identidade", "{F54D0ADA-D71F-4949-88EC-2BB20E2B43AB}"
EndProject
Project("{9A19103F-16F7-4668-BE54-9A1E7A4F7556}") = "Mba.Identidade.API", "src\services\Mba.Identidade.API\Mba.Identidade.API.csproj", "{343736A9-771B-4B02-884D-5665C2B93430}"
EndProject
Project("{2150E333-8FDC-42A3-9474-1A3956D46DE8}") = "Pedido", "Pedido", "{C249407C-9F65-44EC-80ED-8136C74EF0CB}"
EndProject
Project("{FAE04EC0-301F-11D3-BF4B-00C04F79EFBC}") = "Mba.Pedido.API", "src\services\Mba.Pedido.API\Mba.Pedido.API.csproj", "{487FD6D6-B587-451D-805C-83F952AD5FC6}"
EndProject
Global
	GlobalSection(SolutionConfigurationPlatforms) = preSolution
		Debug|Any CPU = Debug|Any CPU
		Release|Any CPU = Release|Any CPU
	EndGlobalSection
	GlobalSection(ProjectConfigurationPlatforms) = postSolution
		{343736A9-771B-4B02-884D-5665C2B93430}.Debug|Any CPU.ActiveCfg = Debug|Any CPU
		{343736A9-771B-4B02-884D-5665C2B93430}.Debug|Any CPU.Build.0 = Debug|Any CPU
		{343736A9-771B-4B02-884D-5665C2B93430}.Release|Any CPU.ActiveCfg = Release|Any CPU
		{343736A9-771B-4B02-884D-5665C2B93430}.Release|Any CPU.Build.0 = Release|Any CPU
		{487FD6D6-B587-451D-805C-83F952AD5FC6}.Debug|Any CPU.ActiveCfg = Debug|Any CPU
		{487FD6D6-B587-451D-805C-83F952AD5FC6}.Debug|Any CPU.Build.0 = Debug|Any CPU
		{487FD6D6-B587-451D-805C-83F952AD5FC6}.Release|Any CPU.ActiveCfg = Release|Any CPU
		{487FD6D6-B587-451D-805C-83F952AD5FC6}.Release|Any CPU.Build.0 = Release|Any CPU
	EndGlobalSection
	GlobalSection(SolutionProperties) = preSolution
		HideSolutionNode = FALSE
	EndGlobalSection
	GlobalSection(NestedProjects) = preSolution
		{F2A4B7AF-B588-47B4-88A5-3FBE2CFDD8ED} = {BA684D24-8BD3-48DA-A697-F688DA80476A}
		{E82128E9-777B-465B-8DA5-E9DDE1DECAD2} = {BA684D24-8BD3-48DA-A697-F688DA80476A}
		{F54D0ADA-D71F-4949-88EC-2BB20E2B43AB} = {E82128E9-777B-465B-8DA5-E9DDE1DECAD2}
		{343736A9-771B-4B02-884D-5665C2B93430} = {F54D0ADA-D71F-4949-88EC-2BB20E2B43AB}
		{C249407C-9F65-44EC-80ED-8136C74EF0CB} = {E82128E9-777B-465B-8DA5-E9DDE1DECAD2}
		{487FD6D6-B587-451D-805C-83F952AD5FC6} = {C249407C-9F65-44EC-80ED-8136C74EF0CB}
	EndGlobalSection
	GlobalSection(ExtensibilityGlobals) = postSolution
		SolutionGuid = {36874D52-76EF-45CD-B580-FC9F51D0A992}
	EndGlobalSection
EndGlobal
